
Microsoft Visual Studio Solution File, Format Version 12.00
# Visual Studio Express 2012 for Windows Desktop
Project("{FAE04EC0-301F-11D3-BF4B-00C04F79EFBC}") = "JAPI", "JAPI\JAPI.csproj", "{D9177C50-A7D1-48F4-B175-6B3C81036E69}"
EndProject
Project("{FAE04EC0-301F-11D3-BF4B-00C04F79EFBC}") = "TestProgram", "TestProgram\TestProgram.csproj", "{23004614-642E-48C9-A624-13AA47E0381F}"
EndProject
Global
	GlobalSection(SolutionConfigurationPlatforms) = preSolution
		Debug|Any CPU = Debug|Any CPU
		Release|Any CPU = Release|Any CPU
	EndGlobalSection
	GlobalSection(ProjectConfigurationPlatforms) = postSolution
		{D9177C50-A7D1-48F4-B175-6B3C81036E69}.Debug|Any CPU.ActiveCfg = Debug|Any CPU
		{D9177C50-A7D1-48F4-B175-6B3C81036E69}.Debug|Any CPU.Build.0 = Debug|Any CPU
		{D9177C50-A7D1-48F4-B175-6B3C81036E69}.Release|Any CPU.ActiveCfg = Release|Any CPU
		{D9177C50-A7D1-48F4-B175-6B3C81036E69}.Release|Any CPU.Build.0 = Release|Any CPU
		{23004614-642E-48C9-A624-13AA47E0381F}.Debug|Any CPU.ActiveCfg = Debug|Any CPU
		{23004614-642E-48C9-A624-13AA47E0381F}.Debug|Any CPU.Build.0 = Debug|Any CPU
		{23004614-642E-48C9-A624-13AA47E0381F}.Release|Any CPU.ActiveCfg = Release|Any CPU
		{23004614-642E-48C9-A624-13AA47E0381F}.Release|Any CPU.Build.0 = Release|Any CPU
	EndGlobalSection
	GlobalSection(SolutionProperties) = preSolution
		HideSolutionNode = FALSE
	EndGlobalSection
EndGlobal
